
Microsoft Visual Studio Solution File, Format Version 12.00
# Visual Studio Version 17
VisualStudioVersion = 17.1.32328.378
MinimumVisualStudioVersion = 10.0.40219.1
Project("{2150E333-8FDC-42A3-9474-1A3956D46DE8}") = "Bin", "Bin", "{F566F34D-E349-4E5A-B5D3-082102B7E5D1}"
	ProjectSection(SolutionItems) = preProject
		Bin\Client.dll = Bin\Client.dll
		Bin\Client.exe = Bin\Client.exe
		Bin\Client.runtimeconfig.json = Bin\Client.runtimeconfig.json
		Bin\Server.dll = Bin\Server.dll
		Bin\Server.exe = Bin\Server.exe
		Bin\Server.runtimeconfig.json = Bin\Server.runtimeconfig.json
		Bin\settings.config = Bin\settings.config
		Bin\Telesyk.StockQuotes.Common.dll = Bin\Telesyk.StockQuotes.Common.dll
	EndProjectSection
EndProject
Project("{9A19103F-16F7-4668-BE54-9A1E7A4F7556}") = "Common", "Common\Common.csproj", "{8F529D95-C282-4208-A1B6-ADAB0573A172}"
EndProject
Project("{9A19103F-16F7-4668-BE54-9A1E7A4F7556}") = "Server", "Server\Server.csproj", "{F17AFA37-59EF-4543-AD35-0D246761A3FB}"
EndProject
Project("{9A19103F-16F7-4668-BE54-9A1E7A4F7556}") = "Client", "Client\Client.csproj", "{BA270B22-3FD3-4B03-8400-9BEBA8211701}"
EndProject
Global
	GlobalSection(SolutionConfigurationPlatforms) = preSolution
		Debug|Any CPU = Debug|Any CPU
		Release|Any CPU = Release|Any CPU
	EndGlobalSection
	GlobalSection(ProjectConfigurationPlatforms) = postSolution
		{8F529D95-C282-4208-A1B6-ADAB0573A172}.Debug|Any CPU.ActiveCfg = Debug|Any CPU
		{8F529D95-C282-4208-A1B6-ADAB0573A172}.Debug|Any CPU.Build.0 = Debug|Any CPU
		{8F529D95-C282-4208-A1B6-ADAB0573A172}.Release|Any CPU.ActiveCfg = Release|Any CPU
		{8F529D95-C282-4208-A1B6-ADAB0573A172}.Release|Any CPU.Build.0 = Release|Any CPU
		{F17AFA37-59EF-4543-AD35-0D246761A3FB}.Debug|Any CPU.ActiveCfg = Debug|Any CPU
		{F17AFA37-59EF-4543-AD35-0D246761A3FB}.Debug|Any CPU.Build.0 = Debug|Any CPU
		{F17AFA37-59EF-4543-AD35-0D246761A3FB}.Release|Any CPU.ActiveCfg = Release|Any CPU
		{F17AFA37-59EF-4543-AD35-0D246761A3FB}.Release|Any CPU.Build.0 = Release|Any CPU
		{BA270B22-3FD3-4B03-8400-9BEBA8211701}.Debug|Any CPU.ActiveCfg = Debug|Any CPU
		{BA270B22-3FD3-4B03-8400-9BEBA8211701}.Debug|Any CPU.Build.0 = Debug|Any CPU
		{BA270B22-3FD3-4B03-8400-9BEBA8211701}.Release|Any CPU.ActiveCfg = Release|Any CPU
		{BA270B22-3FD3-4B03-8400-9BEBA8211701}.Release|Any CPU.Build.0 = Release|Any CPU
	EndGlobalSection
	GlobalSection(SolutionProperties) = preSolution
		HideSolutionNode = FALSE
	EndGlobalSection
	GlobalSection(ExtensibilityGlobals) = postSolution
		SolutionGuid = {A574B108-22AB-4620-9BE1-F6D513A96814}
	EndGlobalSection
EndGlobal
